
Microsoft Visual Studio Solution File, Format Version 12.00
# Visual Studio 15
VisualStudioVersion = 15.0.28307.102
MinimumVisualStudioVersion = 10.0.40219.1
Project("{FAE04EC0-301F-11D3-BF4B-00C04F79EFBC}") = "TestAnalyse", "TestAnalyse\TestAnalyse.csproj", "{F4D9FD18-F07E-4FB0-B5C7-5EFDBFA3B5A3}"
EndProject
Global
	GlobalSection(SolutionConfigurationPlatforms) = preSolution
		Debug|Any CPU = Debug|Any CPU
		Release|Any CPU = Release|Any CPU
	EndGlobalSection
	GlobalSection(ProjectConfigurationPlatforms) = postSolution
		{F4D9FD18-F07E-4FB0-B5C7-5EFDBFA3B5A3}.Debug|Any CPU.ActiveCfg = Debug|Any CPU
		{F4D9FD18-F07E-4FB0-B5C7-5EFDBFA3B5A3}.Debug|Any CPU.Build.0 = Debug|Any CPU
		{F4D9FD18-F07E-4FB0-B5C7-5EFDBFA3B5A3}.Release|Any CPU.ActiveCfg = Release|Any CPU
		{F4D9FD18-F07E-4FB0-B5C7-5EFDBFA3B5A3}.Release|Any CPU.Build.0 = Release|Any CPU
	EndGlobalSection
	GlobalSection(SolutionProperties) = preSolution
		HideSolutionNode = FALSE
	EndGlobalSection
	GlobalSection(ExtensibilityGlobals) = postSolution
		SolutionGuid = {A2095F9D-55B4-40F3-A7FC-6324100B135E}
	EndGlobalSection
EndGlobal
